github.com/piprate/json-gold v0.7.0 h1:bEMirgA5y8Z2loTQfxyIFfY+EflxH1CTP6r/KIlcJNw=
github.com/piprate/json-gold v0.7.0/go.mod h1:RVhE35veDX19r5gfUAR+IYHkAUuPwJO8Ie/qVeFaIzw=
github.com/pquerna/cachecontrol v0.0.0-20180517163645-1555304b9b35 h1:J9b7z+QKAmPf4YLrFg6oQUotqHQeUNWwkvo7jZp1GLU=
github.com/pquerna/cachecontrol v0.0.0-20180517163645-1555304b9b35/go.mod h1:prYjPmNq4d1NPVmpShWobRqXY3q7Vp+80DqgxxUrUIA=
golang.org/x/text v0.17.0 h1:XtiM5bkSOt+ewxlOE/aE/AKEHibwj/6gvWMl9Rsh0Qc=
golang.org/x/text v0.17.0/go.mod h1:BuEKDfySbSR4drPmRPG/7iBdf8hvFMuRexcpahXilzY=
